{
  "requires": true,
  "lockfileVersion": 1,
  "dependencies": {
    "@chaff/fui": {
      "version": "0.0.1",
      "resolved": "https://registry.npmjs.org/@chaff/fui/-/fui-0.0.1.tgz",
      "integrity": "sha512-3NYchQpcw+W3pdYTTqP7MHLuJq0mXXl8sAi9FCBbYgw/MIjPhnmBsLdYglP2htHaqD/hWDXxQnG0jXOpCpzNCw==",
      "requires": {
        "@chaff/fui-core": "0.0.1"
      }
    },
    "@chaff/fui-core": {
      "version": "0.0.1",
      "resolved": "https://registry.npmjs.org/@chaff/fui-core/-/fui-core-0.0.1.tgz",
      "integrity": "sha512-WbvyviB00VXSvg/8TK/JF5nyhGQa+voTVU1dCfTdADDEUwZpVReQGAnWyjaOheF3dIl3ld5unRQCqZEruqjp5g=="
    }
  }
}
